<?xml version="1.0" encoding="utf-8"?>
<Project ToolsVersion="4.0" xmlns="http://schemas.microsoft.com/developer/msbuild/2003">
  <ItemGroup>
    <Filter Include="Fichiers sources">
      <UniqueIdentifier>{4FC737F1-C7A5-4376-A066-2A32D752A2FF}</UniqueIdentifier>
      <Extensions>cpp;c;cc;cxx;def;odl;idl;hpj;bat;asm;asmx</Extensions>
    </Filter>
    <Filter Include="Fichiers d%27en-tête">
      <UniqueIdentifier>{93995380-89BD-4b04-88EB-625FBE52EBFB}</UniqueIdentifier>
      <Extensions>h;hh;hpp;hxx;hm;inl;inc;ipp;xsd</Extensions>
    </Filter>
    <Filter Include="Fichiers de ressources">
      <UniqueIdentifier>{67DA6AB6-F800-4c08-8B7A-83BB121AAD01}</UniqueIdentifier>
      <Extensions>rc;ico;cur;bmp;dlg;rc2;rct;bin;rgs;gif;jpg;jpeg;jpe;resx;tiff;tif;png;wav;mfcribbon-ms</Extensions>
    </Filter>
    <Filter Include="Fichiers sources\VisitorDessin">
      <UniqueIdentifier>{a71ca361-8ea5-4985-b073-21f93ccf1fad}</UniqueIdentifier>
    </Filter>
    <Filter Include="Fichiers d%27en-tête\VisitorDessin">
      <UniqueIdentifier>{051b9b6a-751b-479f-a6e0-ec2f52bdcbbc}</UniqueIdentifier>
    </Filter>
    <Filter Include="Fichiers sources\FormeGeometrique">
      <UniqueIdentifier>{2a5fa5bb-4dae-449f-ad5d-a39ac5ad8cff}</UniqueIdentifier>
    </Filter>
    <Filter Include="Fichiers d%27en-tête\FormeGeometrique">
      <UniqueIdentifier>{b422e4b9-ddcd-47cb-a6f4-a0c75d3263da}</UniqueIdentifier>
    </Filter>
    <Filter Include="Fichiers sources\Main">
      <UniqueIdentifier>{d5b16be9-5fcc-4a23-8024-ccc3f87ed6ec}</UniqueIdentifier>
    </Filter>
    <Filter Include="Fichiers sources\VisitorDessin\ServJava">
      <UniqueIdentifier>{0cb7937a-f458-4b7d-a317-9b71f0698e19}</UniqueIdentifier>
    </Filter>
    <Filter Include="Fichiers d%27en-tête\VisitorDessin\ServJava">
      <UniqueIdentifier>{9f5dd31f-644f-45db-851d-36c8e8f6881e}</UniqueIdentifier>
    </Filter>
    <Filter Include="Fichiers d%27en-tête\Charger">
      <UniqueIdentifier>{1101c216-21fd-4b89-ac92-660361902228}</UniqueIdentifier>
    </Filter>
    <Filter Include="Fichiers sources\Charger">
      <UniqueIdentifier>{57cf375c-a228-421a-87b5-fca48f12cf09}</UniqueIdentifier>
    </Filter>
  </ItemGroup>
  <ItemGroup>
    <ClCompile Include="VisitorDessin.cpp">
      <Filter>Fichiers sources\VisitorDessin</Filter>
    </ClCompile>
    <ClCompile Include="DessinServJava.cpp">
      <Filter>Fichiers sources\VisitorDessin\ServJava</Filter>
    </ClCompile>
    <ClCompile Include="Client.cpp">
      <Filter>Fichiers sources\VisitorDessin\ServJava</Filter>
    </ClCompile>
    <ClCompile Include="Main.cpp">
      <Filter>Fichiers sources\Main</Filter>
    </ClCompile>
    <ClCompile Include="DictionnaireCharger.cpp">
      <Filter>Fichiers sources\Charger</Filter>
    </ClCompile>
    <ClCompile Include="ChargerCOR.cpp">
      <Filter>Fichiers sources\Charger</Filter>
    </ClCompile>
    <ClCompile Include="ChargerSegmentTxt.cpp">
      <Filter>Fichiers sources\Charger</Filter>
    </ClCompile>
    <ClCompile Include="Segment.cpp">
      <Filter>Fichiers sources\FormeGeometrique</Filter>
    </ClCompile>
    <ClCompile Include="Triangle.cpp">
      <Filter>Fichiers sources\FormeGeometrique</Filter>
    </ClCompile>
    <ClCompile Include="Cercle.cpp">
      <Filter>Fichiers sources\FormeGeometrique</Filter>
    </ClCompile>
    <ClCompile Include="Croix.cpp">
      <Filter>Fichiers sources\FormeGeometrique</Filter>
    </ClCompile>
    <ClCompile Include="FormeGeometriqueBase.cpp">
      <Filter>Fichiers sources\FormeGeometrique</Filter>
    </ClCompile>
    <ClCompile Include="FormeGeometriqueSimple.cpp">
      <Filter>Fichiers sources\FormeGeometrique</Filter>
    </ClCompile>
    <ClCompile Include="Polygone.cpp">
      <Filter>Fichiers sources\FormeGeometrique</Filter>
    </ClCompile>
    <ClCompile Include="Fenetre.cpp">
      <Filter>Fichiers sources</Filter>
    </ClCompile>
    <ClCompile Include="Vecteur2D.cpp">
      <Filter>Fichiers sources</Filter>
    </ClCompile>
    <ClCompile Include="Erreur.cpp">
      <Filter>Fichiers sources</Filter>
    </ClCompile>
    <ClCompile Include="ChargerCercleTxt.cpp">
      <Filter>Fichiers sources\Charger</Filter>
    </ClCompile>
    <ClCompile Include="ChargerCroixTxt.cpp">
      <Filter>Fichiers sources\Charger</Filter>
    </ClCompile>
    <ClCompile Include="ChargerTriangleTxt.cpp">
      <Filter>Fichiers sources\Charger</Filter>
    </ClCompile>
    <ClCompile Include="ChargerPolygoneTxt.cpp">
      <Filter>Fichiers sources\Charger</Filter>
    </ClCompile>
    <ClCompile Include="FormeGeometriqueCompose.cpp">
      <Filter>Fichiers sources\FormeGeometrique</Filter>
    </ClCompile>
  </ItemGroup>
  <ItemGroup>
    <ClInclude Include="VisitorDessin.h">
      <Filter>Fichiers d%27en-tête\VisitorDessin</Filter>
    </ClInclude>
    <ClInclude Include="DessinServJava.h">
      <Filter>Fichiers d%27en-tête\VisitorDessin\ServJava</Filter>
    </ClInclude>
    <ClInclude Include="Client.h">
      <Filter>Fichiers d%27en-tête\VisitorDessin\ServJava</Filter>
    </ClInclude>
    <ClInclude Include="DictionnaireCharger.h">
      <Filter>Fichiers d%27en-tête\Charger</Filter>
    </ClInclude>
    <ClInclude Include="Charger.h">
      <Filter>Fichiers d%27en-tête\Charger</Filter>
    </ClInclude>
    <ClInclude Include="ChargerCOR.h">
      <Filter>Fichiers d%27en-tête\Charger</Filter>
    </ClInclude>
    <ClInclude Include="ChargerSegmentTxt.h">
      <Filter>Fichiers d%27en-tête\Charger</Filter>
    </ClInclude>
    <ClInclude Include="Segment.h">
      <Filter>Fichiers d%27en-tête\FormeGeometrique</Filter>
    </ClInclude>
    <ClInclude Include="Triangle.h">
      <Filter>Fichiers d%27en-tête\FormeGeometrique</Filter>
    </ClInclude>
    <ClInclude Include="Cercle.h">
      <Filter>Fichiers d%27en-tête\FormeGeometrique</Filter>
    </ClInclude>
    <ClInclude Include="Croix.h">
      <Filter>Fichiers d%27en-tête\FormeGeometrique</Filter>
    </ClInclude>
    <ClInclude Include="FormeGeometriqueBase.h">
      <Filter>Fichiers d%27en-tête\FormeGeometrique</Filter>
    </ClInclude>
    <ClInclude Include="FormeGeometriqueSimple.h">
      <Filter>Fichiers d%27en-tête\FormeGeometrique</Filter>
    </ClInclude>
    <ClInclude Include="Polygone.h">
      <Filter>Fichiers d%27en-tête\FormeGeometrique</Filter>
    </ClInclude>
    <ClInclude Include="Vecteur2D.h">
      <Filter>Fichiers d%27en-tête</Filter>
    </ClInclude>
    <ClInclude Include="Fenetre.h">
      <Filter>Fichiers d%27en-tête</Filter>
    </ClInclude>
    <ClInclude Include="Erreur.h">
      <Filter>Fichiers d%27en-tête</Filter>
    </ClInclude>
    <ClInclude Include="ChargerCercleTxt.h">
      <Filter>Fichiers d%27en-tête\Charger</Filter>
    </ClInclude>
    <ClInclude Include="ChargerCroixTxt.h">
      <Filter>Fichiers d%27en-tête\Charger</Filter>
    </ClInclude>
    <ClInclude Include="ChargerPolygoneTxt.h">
      <Filter>Fichiers d%27en-tête\Charger</Filter>
    </ClInclude>
    <ClInclude Include="ChargerTriangleTxt.h">
      <Filter>Fichiers d%27en-tête\Charger</Filter>
    </ClInclude>
    <ClInclude Include="FormeGeometriqueCompose.h">
      <Filter>Fichiers d%27en-tête\FormeGeometrique</Filter>
    </ClInclude>
  </ItemGroup>
</Project>